
Microsoft Visual Studio Solution File, Format Version 12.00
# Visual Studio Version 17
VisualStudioVersion = 17.13.35806.99 d17.13
MinimumVisualStudioVersion = 10.0.40219.1
Project("{FAE04EC0-301F-11D3-BF4B-00C04F79EFBC}") = "ASP4Ultimo", "ASP4Ultimo\ASP4Ultimo.csproj", "{33C1A7F6-85D9-462C-9DBF-B95207936E9B}"
EndProject
Global
	GlobalSection(SolutionConfigurationPlatforms) = preSolution
		Debug|Any CPU = Debug|Any CPU
		Release|Any CPU = Release|Any CPU
	EndGlobalSection
	GlobalSection(ProjectConfigurationPlatforms) = postSolution
		{33C1A7F6-85D9-462C-9DBF-B95207936E9B}.Debug|Any CPU.ActiveCfg = Debug|Any CPU
		{33C1A7F6-85D9-462C-9DBF-B95207936E9B}.Debug|Any CPU.Build.0 = Debug|Any CPU
		{33C1A7F6-85D9-462C-9DBF-B95207936E9B}.Release|Any CPU.ActiveCfg = Release|Any CPU
		{33C1A7F6-85D9-462C-9DBF-B95207936E9B}.Release|Any CPU.Build.0 = Release|Any CPU
	EndGlobalSection
	GlobalSection(SolutionProperties) = preSolution
		HideSolutionNode = FALSE
	EndGlobalSection
	GlobalSection(ExtensibilityGlobals) = postSolution
		SolutionGuid = {28BED899-DBBB-401F-BBD1-39585C5F7591}
	EndGlobalSection
EndGlobal
